
Microsoft Visual Studio Solution File, Format Version 12.00
# Visual Studio Version 17
VisualStudioVersion = 17.12.35521.163
MinimumVisualStudioVersion = 10.0.40219.1
Project("{FAE04EC0-301F-11D3-BF4B-00C04F79EFBC}") = "EmployeeManagement", "EmployeeManagement\EmployeeManagement.csproj", "{3E417919-8B05-48C7-9DB9-FEF6043BEE80}"
EndProject
Project("{2150E333-8FDC-42A3-9474-1A3956D46DE8}") = "Solution Items", "Solution Items", "{BDD85B4F-1709-4FF1-A19B-989D0944C7F6}"
	ProjectSection(SolutionItems) = preProject
		README.md = README.md
	EndProjectSection
EndProject
Global
	GlobalSection(SolutionConfigurationPlatforms) = preSolution
		Debug|Any CPU = Debug|Any CPU
		Release|Any CPU = Release|Any CPU
	EndGlobalSection
	GlobalSection(ProjectConfigurationPlatforms) = postSolution
		{3E417919-8B05-48C7-9DB9-FEF6043BEE80}.Debug|Any CPU.ActiveCfg = Debug|Any CPU
		{3E417919-8B05-48C7-9DB9-FEF6043BEE80}.Debug|Any CPU.Build.0 = Debug|Any CPU
		{3E417919-8B05-48C7-9DB9-FEF6043BEE80}.Release|Any CPU.ActiveCfg = Release|Any CPU
		{3E417919-8B05-48C7-9DB9-FEF6043BEE80}.Release|Any CPU.Build.0 = Release|Any CPU
	EndGlobalSection
	GlobalSection(SolutionProperties) = preSolution
		HideSolutionNode = FALSE
	EndGlobalSection
EndGlobal
